
Microsoft Visual Studio Solution File, Format Version 12.00
# Visual Studio 15
VisualStudioVersion = 15.0.27130.2010
MinimumVisualStudioVersion = 10.0.40219.1
Project("{8BC9CEB8-8B4A-11D0-8D11-00A0C91BC942}") = "prob2", "prob2.vcxproj", "{0EA1B5D1-27AB-447E-975F-1C41EA6C7151}"
EndProject
Global
	GlobalSection(SolutionConfigurationPlatforms) = preSolution
		Debug|x64 = Debug|x64
		Debug|x86 = Debug|x86
		Release|x64 = Release|x64
		Release|x86 = Release|x86
	EndGlobalSection
	GlobalSection(ProjectConfigurationPlatforms) = postSolution
		{0EA1B5D1-27AB-447E-975F-1C41EA6C7151}.Debug|x64.ActiveCfg = Debug|x64
		{0EA1B5D1-27AB-447E-975F-1C41EA6C7151}.Debug|x64.Build.0 = Debug|x64
		{0EA1B5D1-27AB-447E-975F-1C41EA6C7151}.Debug|x86.ActiveCfg = Debug|Win32
		{0EA1B5D1-27AB-447E-975F-1C41EA6C7151}.Debug|x86.Build.0 = Debug|Win32
		{0EA1B5D1-27AB-447E-975F-1C41EA6C7151}.Release|x64.ActiveCfg = Release|x64
		{0EA1B5D1-27AB-447E-975F-1C41EA6C7151}.Release|x64.Build.0 = Release|x64
		{0EA1B5D1-27AB-447E-975F-1C41EA6C7151}.Release|x86.ActiveCfg = Release|Win32
		{0EA1B5D1-27AB-447E-975F-1C41EA6C7151}.Release|x86.Build.0 = Release|Win32
	EndGlobalSection
	GlobalSection(SolutionProperties) = preSolution
		HideSolutionNode = FALSE
	EndGlobalSection
	GlobalSection(ExtensibilityGlobals) = postSolution
		SolutionGuid = {206A7837-FD6D-47BE-AF89-A3642BB1BD4D}
	EndGlobalSection
EndGlobal
